
Microsoft Visual Studio Solution File, Format Version 11.00
# Visual Studio 2010
Project("{FAE04EC0-301F-11D3-BF4B-00C04F79EFBC}") = "ATUClient", "ATUClient.csproj", "{D89E1CEE-6FF9-4DF7-91A6-2789D29A32D9}"
EndProject
Global
	GlobalSection(SolutionConfigurationPlatforms) = preSolution
		Debug|Any CPU = Debug|Any CPU
		Release|Any CPU = Release|Any CPU
		WEB_CONFIG_TEST|Any CPU = WEB_CONFIG_TEST|Any CPU
	EndGlobalSection
	GlobalSection(ProjectConfigurationPlatforms) = postSolution
		{D89E1CEE-6FF9-4DF7-91A6-2789D29A32D9}.Debug|Any CPU.ActiveCfg = Debug|Any CPU
		{D89E1CEE-6FF9-4DF7-91A6-2789D29A32D9}.Debug|Any CPU.Build.0 = Debug|Any CPU
		{D89E1CEE-6FF9-4DF7-91A6-2789D29A32D9}.Release|Any CPU.ActiveCfg = Release|Any CPU
		{D89E1CEE-6FF9-4DF7-91A6-2789D29A32D9}.Release|Any CPU.Build.0 = Release|Any CPU
		{D89E1CEE-6FF9-4DF7-91A6-2789D29A32D9}.WEB_CONFIG_TEST|Any CPU.ActiveCfg = WEB_CONFIG_TEST|Any CPU
		{D89E1CEE-6FF9-4DF7-91A6-2789D29A32D9}.WEB_CONFIG_TEST|Any CPU.Build.0 = WEB_CONFIG_TEST|Any CPU
	EndGlobalSection
	GlobalSection(SolutionProperties) = preSolution
		HideSolutionNode = FALSE
	EndGlobalSection
EndGlobal
